
Microsoft Visual Studio Solution File, Format Version 12.00
# Visual Studio Version 16
VisualStudioVersion = 16.0.29424.173
MinimumVisualStudioVersion = 10.0.40219.1
Project("{9A19103F-16F7-4668-BE54-9A1E7A4F7556}") = "Day 1", "Day 1\Day 1.csproj", "{E10022E4-8745-4A40-BF25-6AE816976FD1}"
EndProject
Project("{9A19103F-16F7-4668-BE54-9A1E7A4F7556}") = "Day 2", "Day 2\Day 2.csproj", "{E149B424-12C4-48E3-A345-86D6C8D66E5A}"
EndProject
Project("{9A19103F-16F7-4668-BE54-9A1E7A4F7556}") = "Day 3", "Day 3\Day 3.csproj", "{7A73AB7D-4746-47B0-BABB-FB78EBBEB051}"
EndProject
Project("{9A19103F-16F7-4668-BE54-9A1E7A4F7556}") = "Day 4", "Day 4\Day 4.csproj", "{38C9AF9F-0EC1-4CAF-AC8B-CC53D0A53AA9}"
EndProject
Project("{9A19103F-16F7-4668-BE54-9A1E7A4F7556}") = "Day 5", "Day 5\Day 5.csproj", "{D94BD182-A35E-4E15-ACCB-7CE912D42ECE}"
EndProject
Project("{9A19103F-16F7-4668-BE54-9A1E7A4F7556}") = "Day 6", "Day 6\Day 6.csproj", "{27073C08-4AC3-41CE-A5B9-06E49FDF6776}"
EndProject
Project("{9A19103F-16F7-4668-BE54-9A1E7A4F7556}") = "Day 7", "Day 7\Day 7.csproj", "{8EBA5624-C004-4F5D-A407-26686CD75DBE}"
EndProject
Project("{9A19103F-16F7-4668-BE54-9A1E7A4F7556}") = "Day 8", "Day 8\Day 8.csproj", "{6D4F293C-BEC2-4CB0-99F5-97CFAF30674E}"
EndProject
Project("{9A19103F-16F7-4668-BE54-9A1E7A4F7556}") = "Day 9", "Day 9\Day 9.csproj", "{5E4114CE-EBB8-49D2-B5E1-8783D6E94894}"
EndProject
Project("{9A19103F-16F7-4668-BE54-9A1E7A4F7556}") = "Day 10", "Day 10\Day 10.csproj", "{F4579BB5-1FA1-417D-897F-EFF6F45EC5A9}"
EndProject
Project("{9A19103F-16F7-4668-BE54-9A1E7A4F7556}") = "Day 11", "Day 11\Day 11.csproj", "{F697FD52-4BDA-4E0E-BB3D-5888B5585F5C}"
EndProject
Project("{9A19103F-16F7-4668-BE54-9A1E7A4F7556}") = "Day 12", "Day 12\Day 12.csproj", "{DBDD3665-C09D-48E0-A14E-213DAC078657}"
EndProject
Project("{9A19103F-16F7-4668-BE54-9A1E7A4F7556}") = "Day 13", "Day 13\Day 13.csproj", "{4D29435C-8D2F-4654-9C11-DC13A7D578B8}"
EndProject
Project("{9A19103F-16F7-4668-BE54-9A1E7A4F7556}") = "Day 14", "Day 14\Day 14.csproj", "{2C6BA366-9D08-4124-A023-CBCB5152119A}"
EndProject
Project("{9A19103F-16F7-4668-BE54-9A1E7A4F7556}") = "Day 15", "Day 15\Day 15.csproj", "{67F13D59-C07E-4D37-853F-37C7B8288050}"
EndProject
Project("{9A19103F-16F7-4668-BE54-9A1E7A4F7556}") = "Day 16", "Day 16\Day 16.csproj", "{902FE1FB-D26A-4FDC-8C8D-F57E22CC7F65}"
EndProject
Project("{9A19103F-16F7-4668-BE54-9A1E7A4F7556}") = "Day 17", "Day 17\Day 17.csproj", "{0AC2E488-CCBA-4262-A0C2-D82C08D75CA0}"
EndProject
Project("{9A19103F-16F7-4668-BE54-9A1E7A4F7556}") = "Day 18", "Day 18\Day 18.csproj", "{954A4F9E-0581-4E6D-9BA2-B83812029D52}"
EndProject
Project("{9A19103F-16F7-4668-BE54-9A1E7A4F7556}") = "Day 19", "Day 19\Day 19.csproj", "{DD542FDB-F194-46E8-9111-84025BE6EA86}"
EndProject
Project("{9A19103F-16F7-4668-BE54-9A1E7A4F7556}") = "Day 20", "Day 20\Day 20.csproj", "{3234F3CA-FDC6-47EA-B525-D6AC6A50D311}"
EndProject
Project("{9A19103F-16F7-4668-BE54-9A1E7A4F7556}") = "Day 21", "Day 21\Day 21.csproj", "{E8DE918F-BF6A-47AB-B5AE-1FB068437ADB}"
EndProject
Project("{9A19103F-16F7-4668-BE54-9A1E7A4F7556}") = "Day 22", "Day 22\Day 22.csproj", "{DB877621-2EE2-46FD-B5F0-E4ED68D7D793}"
EndProject
Project("{9A19103F-16F7-4668-BE54-9A1E7A4F7556}") = "Day 23", "Day 23\Day 23.csproj", "{AAE0B778-07EA-413D-B704-E0C376E450A8}"
EndProject
Project("{9A19103F-16F7-4668-BE54-9A1E7A4F7556}") = "Day 24", "Day 24\Day 24.csproj", "{D714B4A3-2E67-4DC9-B0BA-DBED05D9B956}"
EndProject
Project("{FAE04EC0-301F-11D3-BF4B-00C04F79EFBC}") = "Day 25", "Day 25\Day 25.csproj", "{3C0E3B23-8679-4B23-9157-A01A41AD4413}"
EndProject
Global
	GlobalSection(SolutionConfigurationPlatforms) = preSolution
		Debug|Any CPU = Debug|Any CPU
		Release|Any CPU = Release|Any CPU
	EndGlobalSection
	GlobalSection(ProjectConfigurationPlatforms) = postSolution
		{E10022E4-8745-4A40-BF25-6AE816976FD1}.Debug|Any CPU.ActiveCfg = Debug|Any CPU
		{E10022E4-8745-4A40-BF25-6AE816976FD1}.Debug|Any CPU.Build.0 = Debug|Any CPU
		{E10022E4-8745-4A40-BF25-6AE816976FD1}.Release|Any CPU.ActiveCfg = Release|Any CPU
		{E10022E4-8745-4A40-BF25-6AE816976FD1}.Release|Any CPU.Build.0 = Release|Any CPU
		{E149B424-12C4-48E3-A345-86D6C8D66E5A}.Debug|Any CPU.ActiveCfg = Debug|Any CPU
		{E149B424-12C4-48E3-A345-86D6C8D66E5A}.Debug|Any CPU.Build.0 = Debug|Any CPU
		{E149B424-12C4-48E3-A345-86D6C8D66E5A}.Release|Any CPU.ActiveCfg = Release|Any CPU
		{E149B424-12C4-48E3-A345-86D6C8D66E5A}.Release|Any CPU.Build.0 = Release|Any CPU
		{7A73AB7D-4746-47B0-BABB-FB78EBBEB051}.Debug|Any CPU.ActiveCfg = Debug|Any CPU
		{7A73AB7D-4746-47B0-BABB-FB78EBBEB051}.Debug|Any CPU.Build.0 = Debug|Any CPU
		{7A73AB7D-4746-47B0-BABB-FB78EBBEB051}.Release|Any CPU.ActiveCfg = Release|Any CPU
		{7A73AB7D-4746-47B0-BABB-FB78EBBEB051}.Release|Any CPU.Build.0 = Release|Any CPU
		{38C9AF9F-0EC1-4CAF-AC8B-CC53D0A53AA9}.Debug|Any CPU.ActiveCfg = Debug|Any CPU
		{38C9AF9F-0EC1-4CAF-AC8B-CC53D0A53AA9}.Debug|Any CPU.Build.0 = Debug|Any CPU
		{38C9AF9F-0EC1-4CAF-AC8B-CC53D0A53AA9}.Release|Any CPU.ActiveCfg = Release|Any CPU
		{38C9AF9F-0EC1-4CAF-AC8B-CC53D0A53AA9}.Release|Any CPU.Build.0 = Release|Any CPU
		{D94BD182-A35E-4E15-ACCB-7CE912D42ECE}.Debug|Any CPU.ActiveCfg = Debug|Any CPU
		{D94BD182-A35E-4E15-ACCB-7CE912D42ECE}.Debug|Any CPU.Build.0 = Debug|Any CPU
		{D94BD182-A35E-4E15-ACCB-7CE912D42ECE}.Release|Any CPU.ActiveCfg = Release|Any CPU
		{D94BD182-A35E-4E15-ACCB-7CE912D42ECE}.Release|Any CPU.Build.0 = Release|Any CPU
		{27073C08-4AC3-41CE-A5B9-06E49FDF6776}.Debug|Any CPU.ActiveCfg = Debug|Any CPU
		{27073C08-4AC3-41CE-A5B9-06E49FDF6776}.Debug|Any CPU.Build.0 = Debug|Any CPU
		{27073C08-4AC3-41CE-A5B9-06E49FDF6776}.Release|Any CPU.ActiveCfg = Release|Any CPU
		{27073C08-4AC3-41CE-A5B9-06E49FDF6776}.Release|Any CPU.Build.0 = Release|Any CPU
		{8EBA5624-C004-4F5D-A407-26686CD75DBE}.Debug|Any CPU.ActiveCfg = Debug|Any CPU
		{8EBA5624-C004-4F5D-A407-26686CD75DBE}.Debug|Any CPU.Build.0 = Debug|Any CPU
		{8EBA5624-C004-4F5D-A407-26686CD75DBE}.Release|Any CPU.ActiveCfg = Release|Any CPU
		{8EBA5624-C004-4F5D-A407-26686CD75DBE}.Release|Any CPU.Build.0 = Release|Any CPU
		{6D4F293C-BEC2-4CB0-99F5-97CFAF30674E}.Debug|Any CPU.ActiveCfg = Debug|Any CPU
		{6D4F293C-BEC2-4CB0-99F5-97CFAF30674E}.Debug|Any CPU.Build.0 = Debug|Any CPU
		{6D4F293C-BEC2-4CB0-99F5-97CFAF30674E}.Release|Any CPU.ActiveCfg = Release|Any CPU
		{6D4F293C-BEC2-4CB0-99F5-97CFAF30674E}.Release|Any CPU.Build.0 = Release|Any CPU
		{5E4114CE-EBB8-49D2-B5E1-8783D6E94894}.Debug|Any CPU.ActiveCfg = Debug|Any CPU
		{5E4114CE-EBB8-49D2-B5E1-8783D6E94894}.Debug|Any CPU.Build.0 = Debug|Any CPU
		{5E4114CE-EBB8-49D2-B5E1-8783D6E94894}.Release|Any CPU.ActiveCfg = Release|Any CPU
		{5E4114CE-EBB8-49D2-B5E1-8783D6E94894}.Release|Any CPU.Build.0 = Release|Any CPU
		{F4579BB5-1FA1-417D-897F-EFF6F45EC5A9}.Debug|Any CPU.ActiveCfg = Debug|Any CPU
		{F4579BB5-1FA1-417D-897F-EFF6F45EC5A9}.Debug|Any CPU.Build.0 = Debug|Any CPU
		{F4579BB5-1FA1-417D-897F-EFF6F45EC5A9}.Release|Any CPU.ActiveCfg = Release|Any CPU
		{F4579BB5-1FA1-417D-897F-EFF6F45EC5A9}.Release|Any CPU.Build.0 = Release|Any CPU
		{F697FD52-4BDA-4E0E-BB3D-5888B5585F5C}.Debug|Any CPU.ActiveCfg = Debug|Any CPU
		{F697FD52-4BDA-4E0E-BB3D-5888B5585F5C}.Debug|Any CPU.Build.0 = Debug|Any CPU
		{F697FD52-4BDA-4E0E-BB3D-5888B5585F5C}.Release|Any CPU.ActiveCfg = Release|Any CPU
		{F697FD52-4BDA-4E0E-BB3D-5888B5585F5C}.Release|Any CPU.Build.0 = Release|Any CPU
		{DBDD3665-C09D-48E0-A14E-213DAC078657}.Debug|Any CPU.ActiveCfg = Debug|Any CPU
		{DBDD3665-C09D-48E0-A14E-213DAC078657}.Debug|Any CPU.Build.0 = Debug|Any CPU
		{DBDD3665-C09D-48E0-A14E-213DAC078657}.Release|Any CPU.ActiveCfg = Release|Any CPU
		{DBDD3665-C09D-48E0-A14E-213DAC078657}.Release|Any CPU.Build.0 = Release|Any CPU
		{4D29435C-8D2F-4654-9C11-DC13A7D578B8}.Debug|Any CPU.ActiveCfg = Debug|Any CPU
		{4D29435C-8D2F-4654-9C11-DC13A7D578B8}.Debug|Any CPU.Build.0 = Debug|Any CPU
		{4D29435C-8D2F-4654-9C11-DC13A7D578B8}.Release|Any CPU.ActiveCfg = Release|Any CPU
		{4D29435C-8D2F-4654-9C11-DC13A7D578B8}.Release|Any CPU.Build.0 = Release|Any CPU
		{2C6BA366-9D08-4124-A023-CBCB5152119A}.Debug|Any CPU.ActiveCfg = Debug|Any CPU
		{2C6BA366-9D08-4124-A023-CBCB5152119A}.Debug|Any CPU.Build.0 = Debug|Any CPU
		{2C6BA366-9D08-4124-A023-CBCB5152119A}.Release|Any CPU.ActiveCfg = Release|Any CPU
		{2C6BA366-9D08-4124-A023-CBCB5152119A}.Release|Any CPU.Build.0 = Release|Any CPU
		{67F13D59-C07E-4D37-853F-37C7B8288050}.Debug|Any CPU.ActiveCfg = Debug|Any CPU
		{67F13D59-C07E-4D37-853F-37C7B8288050}.Debug|Any CPU.Build.0 = Debug|Any CPU
		{67F13D59-C07E-4D37-853F-37C7B8288050}.Release|Any CPU.ActiveCfg = Release|Any CPU
		{67F13D59-C07E-4D37-853F-37C7B8288050}.Release|Any CPU.Build.0 = Release|Any CPU
		{902FE1FB-D26A-4FDC-8C8D-F57E22CC7F65}.Debug|Any CPU.ActiveCfg = Debug|Any CPU
		{902FE1FB-D26A-4FDC-8C8D-F57E22CC7F65}.Debug|Any CPU.Build.0 = Debug|Any CPU
		{902FE1FB-D26A-4FDC-8C8D-F57E22CC7F65}.Release|Any CPU.ActiveCfg = Release|Any CPU
		{902FE1FB-D26A-4FDC-8C8D-F57E22CC7F65}.Release|Any CPU.Build.0 = Release|Any CPU
		{0AC2E488-CCBA-4262-A0C2-D82C08D75CA0}.Debug|Any CPU.ActiveCfg = Debug|Any CPU
		{0AC2E488-CCBA-4262-A0C2-D82C08D75CA0}.Debug|Any CPU.Build.0 = Debug|Any CPU
		{0AC2E488-CCBA-4262-A0C2-D82C08D75CA0}.Release|Any CPU.ActiveCfg = Release|Any CPU
		{0AC2E488-CCBA-4262-A0C2-D82C08D75CA0}.Release|Any CPU.Build.0 = Release|Any CPU
		{954A4F9E-0581-4E6D-9BA2-B83812029D52}.Debug|Any CPU.ActiveCfg = Debug|Any CPU
		{954A4F9E-0581-4E6D-9BA2-B83812029D52}.Debug|Any CPU.Build.0 = Debug|Any CPU
		{954A4F9E-0581-4E6D-9BA2-B83812029D52}.Release|Any CPU.ActiveCfg = Release|Any CPU
		{954A4F9E-0581-4E6D-9BA2-B83812029D52}.Release|Any CPU.Build.0 = Release|Any CPU
		{DD542FDB-F194-46E8-9111-84025BE6EA86}.Debug|Any CPU.ActiveCfg = Debug|Any CPU
		{DD542FDB-F194-46E8-9111-84025BE6EA86}.Debug|Any CPU.Build.0 = Debug|Any CPU
		{DD542FDB-F194-46E8-9111-84025BE6EA86}.Release|Any CPU.ActiveCfg = Release|Any CPU
		{DD542FDB-F194-46E8-9111-84025BE6EA86}.Release|Any CPU.Build.0 = Release|Any CPU
		{3234F3CA-FDC6-47EA-B525-D6AC6A50D311}.Debug|Any CPU.ActiveCfg = Debug|Any CPU
		{3234F3CA-FDC6-47EA-B525-D6AC6A50D311}.Debug|Any CPU.Build.0 = Debug|Any CPU
		{3234F3CA-FDC6-47EA-B525-D6AC6A50D311}.Release|Any CPU.ActiveCfg = Release|Any CPU
		{3234F3CA-FDC6-47EA-B525-D6AC6A50D311}.Release|Any CPU.Build.0 = Release|Any CPU
		{E8DE918F-BF6A-47AB-B5AE-1FB068437ADB}.Debug|Any CPU.ActiveCfg = Debug|Any CPU
		{E8DE918F-BF6A-47AB-B5AE-1FB068437ADB}.Debug|Any CPU.Build.0 = Debug|Any CPU
		{E8DE918F-BF6A-47AB-B5AE-1FB068437ADB}.Release|Any CPU.ActiveCfg = Release|Any CPU
		{E8DE918F-BF6A-47AB-B5AE-1FB068437ADB}.Release|Any CPU.Build.0 = Release|Any CPU
		{DB877621-2EE2-46FD-B5F0-E4ED68D7D793}.Debug|Any CPU.ActiveCfg = Debug|Any CPU
		{DB877621-2EE2-46FD-B5F0-E4ED68D7D793}.Debug|Any CPU.Build.0 = Debug|Any CPU
		{DB877621-2EE2-46FD-B5F0-E4ED68D7D793}.Release|Any CPU.ActiveCfg = Release|Any CPU
		{DB877621-2EE2-46FD-B5F0-E4ED68D7D793}.Release|Any CPU.Build.0 = Release|Any CPU
		{AAE0B778-07EA-413D-B704-E0C376E450A8}.Debug|Any CPU.ActiveCfg = Debug|Any CPU
		{AAE0B778-07EA-413D-B704-E0C376E450A8}.Debug|Any CPU.Build.0 = Debug|Any CPU
		{AAE0B778-07EA-413D-B704-E0C376E450A8}.Release|Any CPU.ActiveCfg = Release|Any CPU
		{AAE0B778-07EA-413D-B704-E0C376E450A8}.Release|Any CPU.Build.0 = Release|Any CPU
		{D714B4A3-2E67-4DC9-B0BA-DBED05D9B956}.Debug|Any CPU.ActiveCfg = Debug|Any CPU
		{D714B4A3-2E67-4DC9-B0BA-DBED05D9B956}.Debug|Any CPU.Build.0 = Debug|Any CPU
		{D714B4A3-2E67-4DC9-B0BA-DBED05D9B956}.Release|Any CPU.ActiveCfg = Release|Any CPU
		{D714B4A3-2E67-4DC9-B0BA-DBED05D9B956}.Release|Any CPU.Build.0 = Release|Any CPU
		{3C0E3B23-8679-4B23-9157-A01A41AD4413}.Debug|Any CPU.ActiveCfg = Debug|Any CPU
		{3C0E3B23-8679-4B23-9157-A01A41AD4413}.Debug|Any CPU.Build.0 = Debug|Any CPU
		{3C0E3B23-8679-4B23-9157-A01A41AD4413}.Release|Any CPU.ActiveCfg = Release|Any CPU
		{3C0E3B23-8679-4B23-9157-A01A41AD4413}.Release|Any CPU.Build.0 = Release|Any CPU
	EndGlobalSection
	GlobalSection(SolutionProperties) = preSolution
		HideSolutionNode = FALSE
	EndGlobalSection
	GlobalSection(ExtensibilityGlobals) = postSolution
		SolutionGuid = {3A085093-F4A6-4683-BA39-3C2F77D396D6}
	EndGlobalSection
EndGlobal
